
Microsoft Visual Studio Solution File, Format Version 12.00
# Visual Studio Version 17
VisualStudioVersion = 17.14.36518.9
MinimumVisualStudioVersion = 10.0.40219.1
Project("{8BC9CEB8-8B4A-11D0-8D11-00A0C91BC942}") = "HKV-2025", "HKV-2025.vcxproj", "{81B43BFD-E068-437D-A6D3-1066299EC70F}"
EndProject
Project("{8BC9CEB8-8B4A-11D0-8D11-00A0C91BC942}") = "StaticLibrary", "..\StaticLibrary\StaticLibrary.vcxproj", "{F9033893-493B-45EB-9C43-1C626CEA8FA6}"
EndProject
Project("{8BC9CEB8-8B4A-11D0-8D11-00A0C91BC942}") = "Assembler", "..\Assembler\Assembler.vcxproj", "{3D4E7432-D8D7-40CE-A7B4-DA5C0FEC8D7C}"
EndProject
Global
	GlobalSection(SolutionConfigurationPlatforms) = preSolution
		Debug|x64 = Debug|x64
		Debug|x86 = Debug|x86
		Release|x64 = Release|x64
		Release|x86 = Release|x86
	EndGlobalSection
	GlobalSection(ProjectConfigurationPlatforms) = postSolution
		{81B43BFD-E068-437D-A6D3-1066299EC70F}.Debug|x64.ActiveCfg = Debug|x64
		{81B43BFD-E068-437D-A6D3-1066299EC70F}.Debug|x64.Build.0 = Debug|x64
		{81B43BFD-E068-437D-A6D3-1066299EC70F}.Debug|x86.ActiveCfg = Debug|Win32
		{81B43BFD-E068-437D-A6D3-1066299EC70F}.Debug|x86.Build.0 = Debug|Win32
		{81B43BFD-E068-437D-A6D3-1066299EC70F}.Release|x64.ActiveCfg = Release|x64
		{81B43BFD-E068-437D-A6D3-1066299EC70F}.Release|x64.Build.0 = Release|x64
		{81B43BFD-E068-437D-A6D3-1066299EC70F}.Release|x86.ActiveCfg = Release|Win32
		{81B43BFD-E068-437D-A6D3-1066299EC70F}.Release|x86.Build.0 = Release|Win32
		{F9033893-493B-45EB-9C43-1C626CEA8FA6}.Debug|x64.ActiveCfg = Debug|x64
		{F9033893-493B-45EB-9C43-1C626CEA8FA6}.Debug|x64.Build.0 = Debug|x64
		{F9033893-493B-45EB-9C43-1C626CEA8FA6}.Debug|x86.ActiveCfg = Debug|Win32
		{F9033893-493B-45EB-9C43-1C626CEA8FA6}.Debug|x86.Build.0 = Debug|Win32
		{F9033893-493B-45EB-9C43-1C626CEA8FA6}.Release|x64.ActiveCfg = Release|x64
		{F9033893-493B-45EB-9C43-1C626CEA8FA6}.Release|x64.Build.0 = Release|x64
		{F9033893-493B-45EB-9C43-1C626CEA8FA6}.Release|x86.ActiveCfg = Release|Win32
		{F9033893-493B-45EB-9C43-1C626CEA8FA6}.Release|x86.Build.0 = Release|Win32
		{3D4E7432-D8D7-40CE-A7B4-DA5C0FEC8D7C}.Debug|x64.ActiveCfg = Debug|x64
		{3D4E7432-D8D7-40CE-A7B4-DA5C0FEC8D7C}.Debug|x64.Build.0 = Debug|x64
		{3D4E7432-D8D7-40CE-A7B4-DA5C0FEC8D7C}.Debug|x86.ActiveCfg = Debug|Win32
		{3D4E7432-D8D7-40CE-A7B4-DA5C0FEC8D7C}.Debug|x86.Build.0 = Debug|Win32
		{3D4E7432-D8D7-40CE-A7B4-DA5C0FEC8D7C}.Release|x64.ActiveCfg = Release|x64
		{3D4E7432-D8D7-40CE-A7B4-DA5C0FEC8D7C}.Release|x64.Build.0 = Release|x64
		{3D4E7432-D8D7-40CE-A7B4-DA5C0FEC8D7C}.Release|x86.ActiveCfg = Release|Win32
		{3D4E7432-D8D7-40CE-A7B4-DA5C0FEC8D7C}.Release|x86.Build.0 = Release|Win32
	EndGlobalSection
	GlobalSection(SolutionProperties) = preSolution
		HideSolutionNode = FALSE
	EndGlobalSection
	GlobalSection(ExtensibilityGlobals) = postSolution
		SolutionGuid = {D07A1AF0-CA66-415E-8C7C-78076FD58BB6}
	EndGlobalSection
EndGlobal
